schema: '2.0'
stages:
  data_ingestion:
    cmd: python src/smPredictor/pipeline/stage_01_data_ingestion.py
    deps:
    - path: config/config.yaml
      hash: md5
      md5: f5b8d041b63e8fc2c54b3b1923eac568
      size: 3108
    - path: src/smPredictor/pipeline/stage_01_data_ingestion.py
      hash: md5
      md5: 1958bfe9d3a36a7758332465c57b6174
      size: 953
    outs:
    - path: artifacts/data_ingestion/international_stocks/raw_data/AAPL.csv
      hash: md5
      md5: 03597e4c860989328eb3cd86b1b03161
      size: 361858
    - path: artifacts/data_ingestion/international_stocks/raw_data/AMZN.csv
      hash: md5
      md5: de34639002c74def9bfa50e2bd9157ad
      size: 359141
    - path: artifacts/data_ingestion/international_stocks/raw_data/GOOG.csv
      hash: md5
      md5: d990e764d2f4789f177b62e646ef91de
      size: 363000
    - path: artifacts/data_ingestion/international_stocks/raw_data/MSFT.csv
      hash: md5
      md5: 357e55ff6794503192f4c029eff6c228
      size: 356584
    - path: artifacts/data_ingestion/pakistan_stocks/raw_data/BOP.csv
      hash: md5
      md5: 03542026179a52448003f8e72e083483
      size: 136116
    - path: artifacts/data_ingestion/pakistan_stocks/raw_data/FFL.csv
      hash: md5
      md5: c0d7c68ccbd5c8a779d4df490f1e1074
      size: 90685
    - path: artifacts/data_ingestion/pakistan_stocks/raw_data/PACE.csv
      hash: md5
      md5: 8a9ff024470ea341df504cd981bbb551
      size: 130289
    - path: artifacts/data_ingestion/pakistan_stocks/raw_data/SILK.csv
      hash: md5
      md5: 4e790b52f0ca3f59a9158bcb277def1b
      size: 131226
    - path: artifacts/data_ingestion/stocks_timestamp.txt
      hash: md5
      md5: 80d5de3a419a69be5ba960bb0fef9a1d
      size: 10
  data_transformation:
    cmd: python src/smPredictor/pipeline/stage_02_data_transformation.py
    deps:
    - path: artifacts/data_ingestion/stocks_timestamp.txt
      hash: md5
      md5: 80d5de3a419a69be5ba960bb0fef9a1d
      size: 10
    - path: config/config.yaml
      hash: md5
      md5: f5b8d041b63e8fc2c54b3b1923eac568
      size: 3108
    - path: src/smPredictor/pipeline/stage_02_data_transformation.py
      hash: md5
      md5: 693abe663412631c53e84424fa4deff7
      size: 985
    outs:
    - path: artifacts/data_transformation/international_stocks/transformed_amazon.csv
      hash: md5
      md5: d7759bee3fbaa1f04abdd96b53badbb1
      size: 63988
    - path: artifacts/data_transformation/international_stocks/transformed_apple.csv
      hash: md5
      md5: d7759bee3fbaa1f04abdd96b53badbb1
      size: 63988
    - path: artifacts/data_transformation/international_stocks/transformed_google.csv
      hash: md5
      md5: d7759bee3fbaa1f04abdd96b53badbb1
      size: 63988
    - path: artifacts/data_transformation/international_stocks/transformed_microsoft.csv
      hash: md5
      md5: d7759bee3fbaa1f04abdd96b53badbb1
      size: 63988
    - path: artifacts/data_transformation/pakistan_stocks/transformed_fauji.csv
      hash: md5
      md5: 376520b5a38899bb57bf084545a6ed3f
      size: 41353
    - path: artifacts/data_transformation/pakistan_stocks/transformed_pace.csv
      hash: md5
      md5: 91419a58558e01b2ef2bdc30d0e09dbd
      size: 56929
    - path: artifacts/data_transformation/pakistan_stocks/transformed_punjab.csv
      hash: md5
      md5: 8b32160e50ba824c98d0ba95391f60c4
      size: 61948
    - path: artifacts/data_transformation/pakistan_stocks/transformed_silk.csv
      hash: md5
      md5: 54051907431aa6e71c525a524ac15dc0
      size: 61842
  model_trainer:
    cmd: python src/smPredictor/pipeline/stage_03_model_trainer.py
    deps:
    - path: artifacts/data_ingestion/stocks_timestamp.txt
      hash: md5
      md5: 80d5de3a419a69be5ba960bb0fef9a1d
      size: 10
    - path: artifacts/data_transformation/international_stocks/transformed_amazon.csv
      hash: md5
      md5: d7759bee3fbaa1f04abdd96b53badbb1
      size: 63988
    - path: artifacts/data_transformation/international_stocks/transformed_apple.csv
      hash: md5
      md5: d7759bee3fbaa1f04abdd96b53badbb1
      size: 63988
    - path: artifacts/data_transformation/international_stocks/transformed_google.csv
      hash: md5
      md5: d7759bee3fbaa1f04abdd96b53badbb1
      size: 63988
    - path: artifacts/data_transformation/international_stocks/transformed_microsoft.csv
      hash: md5
      md5: d7759bee3fbaa1f04abdd96b53badbb1
      size: 63988
    - path: artifacts/data_transformation/pakistan_stocks/transformed_fauji.csv
      hash: md5
      md5: 376520b5a38899bb57bf084545a6ed3f
      size: 41353
    - path: artifacts/data_transformation/pakistan_stocks/transformed_pace.csv
      hash: md5
      md5: 91419a58558e01b2ef2bdc30d0e09dbd
      size: 56929
    - path: artifacts/data_transformation/pakistan_stocks/transformed_punjab.csv
      hash: md5
      md5: 8b32160e50ba824c98d0ba95391f60c4
      size: 61948
    - path: artifacts/data_transformation/pakistan_stocks/transformed_silk.csv
      hash: md5
      md5: 54051907431aa6e71c525a524ac15dc0
      size: 61842
    - path: config/config.yaml
      hash: md5
      md5: f5b8d041b63e8fc2c54b3b1923eac568
      size: 3108
    - path: src/smPredictor/pipeline/stage_03_model_trainer.py
      hash: md5
      md5: 6c36658e862354c97143032a6fbaa6cc
      size: 852
    params:
      params.yaml:
        batch_size: 1
        epochs: 1
        layer1: 128
        layer2: 64
        layer3: 25
        layer4: 1
        loss: mean_squared_error
        optimizer: adam
    outs:
    - path: artifacts/model_trainer/amazon_model.keras
      hash: md5
      md5: 255c3715c6bfded96e9e2b711fd4a902
      size: 1448912
    - path: artifacts/model_trainer/apple_model.keras
      hash: md5
      md5: 75b3e1b750e85d87109c72e344dc9acf
      size: 1448904
    - path: artifacts/model_trainer/fauji_model.keras
      hash: md5
      md5: afca76d105ae61548006c74575593273
      size: 1448916
    - path: artifacts/model_trainer/google_model.keras
      hash: md5
      md5: 815fc565b57a7e653586462f079da663
      size: 1448912
    - path: artifacts/model_trainer/microsoft_model.keras
      hash: md5
      md5: b515c9e805b3d3b8d9db68cd4f5f3d1b
      size: 1448912
    - path: artifacts/model_trainer/pace_model.keras
      hash: md5
      md5: 0ecc274a2121d267f8a490714048e856
      size: 1448916
    - path: artifacts/model_trainer/punjab_model.keras
      hash: md5
      md5: 6d504397ef4e8c386805c1412b35573a
      size: 1448916
    - path: artifacts/model_trainer/silk_model.keras
      hash: md5
      md5: 5b208bba3eaa02c2efb369c0ca87fcfa
      size: 1448912
  evaluation:
    cmd: python src/smPredictor/pipeline/stage_04_evaluation.py
    deps:
    - path: artifacts/data_ingestion/international_stocks/raw_data/AAPL.csv
      hash: md5
      md5: 03597e4c860989328eb3cd86b1b03161
      size: 361858
    - path: artifacts/data_ingestion/international_stocks/raw_data/AMZN.csv
      hash: md5
      md5: de34639002c74def9bfa50e2bd9157ad
      size: 359141
    - path: artifacts/data_ingestion/international_stocks/raw_data/GOOG.csv
      hash: md5
      md5: d990e764d2f4789f177b62e646ef91de
      size: 363000
    - path: artifacts/data_ingestion/international_stocks/raw_data/MSFT.csv
      hash: md5
      md5: 357e55ff6794503192f4c029eff6c228
      size: 356584
    - path: artifacts/data_ingestion/pakistan_stocks/raw_data/BOP.csv
      hash: md5
      md5: 03542026179a52448003f8e72e083483
      size: 136116
    - path: artifacts/data_ingestion/pakistan_stocks/raw_data/FFL.csv
      hash: md5
      md5: c0d7c68ccbd5c8a779d4df490f1e1074
      size: 90685
    - path: artifacts/data_ingestion/pakistan_stocks/raw_data/PACE.csv
      hash: md5
      md5: 8a9ff024470ea341df504cd981bbb551
      size: 130289
    - path: artifacts/data_ingestion/pakistan_stocks/raw_data/SILK.csv
      hash: md5
      md5: 4e790b52f0ca3f59a9158bcb277def1b
      size: 131226
    - path: artifacts/data_ingestion/stocks_timestamp.txt
      hash: md5
      md5: 80d5de3a419a69be5ba960bb0fef9a1d
      size: 10
    - path: artifacts/model_trainer/amazon_model.keras
      hash: md5
      md5: 255c3715c6bfded96e9e2b711fd4a902
      size: 1448912
    - path: artifacts/model_trainer/apple_model.keras
      hash: md5
      md5: 75b3e1b750e85d87109c72e344dc9acf
      size: 1448904
    - path: artifacts/model_trainer/fauji_model.keras
      hash: md5
      md5: afca76d105ae61548006c74575593273
      size: 1448916
    - path: artifacts/model_trainer/google_model.keras
      hash: md5
      md5: 815fc565b57a7e653586462f079da663
      size: 1448912
    - path: artifacts/model_trainer/microsoft_model.keras
      hash: md5
      md5: b515c9e805b3d3b8d9db68cd4f5f3d1b
      size: 1448912
    - path: artifacts/model_trainer/pace_model.keras
      hash: md5
      md5: 0ecc274a2121d267f8a490714048e856
      size: 1448916
    - path: artifacts/model_trainer/punjab_model.keras
      hash: md5
      md5: 6d504397ef4e8c386805c1412b35573a
      size: 1448916
    - path: artifacts/model_trainer/silk_model.keras
      hash: md5
      md5: 5b208bba3eaa02c2efb369c0ca87fcfa
      size: 1448912
    - path: config/config.yaml
      hash: md5
      md5: f5b8d041b63e8fc2c54b3b1923eac568
      size: 3108
    - path: src/smPredictor/pipeline/stage_04_evaluation.py
      hash: md5
      md5: 0203ba6740ead2ecbb341f96090b2695
      size: 836
    outs:
    - path: artifacts/model_rmse/amazon_rmse.json
      hash: md5
      md5: 69ac4512e38001f8227cfb314ae0b72b
      size: 35
    - path: artifacts/model_rmse/apple_rmse.json
      hash: md5
      md5: 83775f10a25c2a80e3fb33addfba2ea9
      size: 35
    - path: artifacts/model_rmse/fauji_rmse.json
      hash: md5
      md5: 44a15be39cbdaa33eefa9ae169a4aac1
      size: 37
    - path: artifacts/model_rmse/google_rmse.json
      hash: md5
      md5: 038da12795bfb342d501ef6eafa85c38
      size: 36
    - path: artifacts/model_rmse/microsoft_rmse.json
      hash: md5
      md5: a493c0cb001af6d9bc0ffd159a7c8669
      size: 35
    - path: artifacts/model_rmse/pace_rmse.json
      hash: md5
      md5: 271b9507ac7f21239315313016fbfe26
      size: 37
    - path: artifacts/model_rmse/punjab_rmse.json
      hash: md5
      md5: ca60420ad0388e90e26b5e2988b9da26
      size: 37
    - path: artifacts/model_rmse/silk_rmse.json
      hash: md5
      md5: 16bf581c73b2938a68c0b9898dea8bc9
      size: 37
