schema: '2.0'
stages:
  data_ingestion:
    cmd: python src/smPredictor/pipeline/stage_01_data_ingestion.py
    deps:
    - path: config/config.yaml
      hash: md5
      md5: f5b8d041b63e8fc2c54b3b1923eac568
      size: 3108
    - path: src/smPredictor/pipeline/stage_01_data_ingestion.py
      hash: md5
      md5: 1958bfe9d3a36a7758332465c57b6174
      size: 953
    outs:
    - path: artifacts/data_ingestion/international_stocks/raw_data/AAPL.csv
      hash: md5
      md5: 7c9def72815c6099924efbb6ffb6ffc4
      size: 362298
    - path: artifacts/data_ingestion/international_stocks/raw_data/AMZN.csv
      hash: md5
      md5: d0048c60f0eff2716ac4357975004b70
      size: 359573
    - path: artifacts/data_ingestion/international_stocks/raw_data/GOOG.csv
      hash: md5
      md5: 0eedc7f3ab3c0550e1e908be237bf6f3
      size: 363450
    - path: artifacts/data_ingestion/international_stocks/raw_data/MSFT.csv
      hash: md5
      md5: ec2a72a9fbfc6ab4c301db8d57a97e1d
      size: 357026
    - path: artifacts/data_ingestion/pakistan_stocks/raw_data/BOP.csv
      hash: md5
      md5: bb4b1825d1fdb31cf1df8b2cbffa48cc
      size: 136336
    - path: artifacts/data_ingestion/pakistan_stocks/raw_data/FFL.csv
      hash: md5
      md5: f5e58ed1c86e7fdf76cae6d0589e0127
      size: 90914
    - path: artifacts/data_ingestion/pakistan_stocks/raw_data/PACE.csv
      hash: md5
      md5: 92d075acc1e8ddb0d4b81b7a18f86fcc
      size: 130500
    - path: artifacts/data_ingestion/pakistan_stocks/raw_data/SILK.csv
      hash: md5
      md5: 011f96e5f0807eedd08e9bcb734507b3
      size: 131439
    - path: artifacts/data_ingestion/stocks_timestamp.txt
      hash: md5
      md5: 1d165b7c8dbf1f8f836b4717a154429d
      size: 10
  data_transformation:
    cmd: python src/smPredictor/pipeline/stage_02_data_transformation.py
    deps:
    - path: artifacts/data_ingestion/stocks_timestamp.txt
      hash: md5
      md5: 1d165b7c8dbf1f8f836b4717a154429d
      size: 10
    - path: config/config.yaml
      hash: md5
      md5: f5b8d041b63e8fc2c54b3b1923eac568
      size: 3108
    - path: src/smPredictor/pipeline/stage_02_data_transformation.py
      hash: md5
      md5: 693abe663412631c53e84424fa4deff7
      size: 985
    outs:
    - path: artifacts/data_transformation/international_stocks/transformed_amazon.csv
      hash: md5
      md5: 62d154b469226c6c3a5cb34867d6a011
      size: 64126
    - path: artifacts/data_transformation/international_stocks/transformed_apple.csv
      hash: md5
      md5: 62d154b469226c6c3a5cb34867d6a011
      size: 64126
    - path: artifacts/data_transformation/international_stocks/transformed_google.csv
      hash: md5
      md5: 62d154b469226c6c3a5cb34867d6a011
      size: 64126
    - path: artifacts/data_transformation/international_stocks/transformed_microsoft.csv
      hash: md5
      md5: 62d154b469226c6c3a5cb34867d6a011
      size: 64126
    - path: artifacts/data_transformation/pakistan_stocks/transformed_fauji.csv
      hash: md5
      md5: 188fa2c54ea10ded2c8c726d4cce4fc1
      size: 41438
    - path: artifacts/data_transformation/pakistan_stocks/transformed_pace.csv
      hash: md5
      md5: 4587055716c670ac297202b7d182c56b
      size: 57013
    - path: artifacts/data_transformation/pakistan_stocks/transformed_punjab.csv
      hash: md5
      md5: 07b437625dc93edf85a35a2eda19f637
      size: 62050
    - path: artifacts/data_transformation/pakistan_stocks/transformed_silk.csv
      hash: md5
      md5: cbba1ee6e207037e643829a839b5ccdc
      size: 61947
  model_trainer:
    cmd: python src/smPredictor/pipeline/stage_03_model_trainer.py
    deps:
    - path: artifacts/data_ingestion/stocks_timestamp.txt
      hash: md5
      md5: 1d165b7c8dbf1f8f836b4717a154429d
      size: 10
    - path: artifacts/data_transformation/international_stocks/transformed_amazon.csv
      hash: md5
      md5: 62d154b469226c6c3a5cb34867d6a011
      size: 64126
    - path: artifacts/data_transformation/international_stocks/transformed_apple.csv
      hash: md5
      md5: 62d154b469226c6c3a5cb34867d6a011
      size: 64126
    - path: artifacts/data_transformation/international_stocks/transformed_google.csv
      hash: md5
      md5: 62d154b469226c6c3a5cb34867d6a011
      size: 64126
    - path: artifacts/data_transformation/international_stocks/transformed_microsoft.csv
      hash: md5
      md5: 62d154b469226c6c3a5cb34867d6a011
      size: 64126
    - path: artifacts/data_transformation/pakistan_stocks/transformed_fauji.csv
      hash: md5
      md5: 188fa2c54ea10ded2c8c726d4cce4fc1
      size: 41438
    - path: artifacts/data_transformation/pakistan_stocks/transformed_pace.csv
      hash: md5
      md5: 4587055716c670ac297202b7d182c56b
      size: 57013
    - path: artifacts/data_transformation/pakistan_stocks/transformed_punjab.csv
      hash: md5
      md5: 07b437625dc93edf85a35a2eda19f637
      size: 62050
    - path: artifacts/data_transformation/pakistan_stocks/transformed_silk.csv
      hash: md5
      md5: cbba1ee6e207037e643829a839b5ccdc
      size: 61947
    - path: config/config.yaml
      hash: md5
      md5: f5b8d041b63e8fc2c54b3b1923eac568
      size: 3108
    - path: src/smPredictor/pipeline/stage_03_model_trainer.py
      hash: md5
      md5: 6c36658e862354c97143032a6fbaa6cc
      size: 852
    params:
      params.yaml:
        batch_size: 1
        epochs: 1
        layer1: 128
        layer2: 64
        layer3: 25
        layer4: 1
        loss: mean_squared_error
        optimizer: adam
    outs:
    - path: artifacts/model_trainer/amazon_model.keras
      hash: md5
      md5: 2f5b6bcd881e80f1760c91f7ae78f57a
      size: 1448912
    - path: artifacts/model_trainer/apple_model.keras
      hash: md5
      md5: 223cdb2ded74d902dda9cf6ae283ce79
      size: 1448904
    - path: artifacts/model_trainer/fauji_model.keras
      hash: md5
      md5: 32650c3789b2503d8f0acbd800ead1e5
      size: 1448916
    - path: artifacts/model_trainer/google_model.keras
      hash: md5
      md5: a1635a95aa067cd0d5d6f4cde9d6f353
      size: 1448912
    - path: artifacts/model_trainer/microsoft_model.keras
      hash: md5
      md5: ac23f983019fee47cdffbef2d2a512ea
      size: 1448912
    - path: artifacts/model_trainer/pace_model.keras
      hash: md5
      md5: c4fccef0a86e6334b99e6777d9467b9e
      size: 1448916
    - path: artifacts/model_trainer/punjab_model.keras
      hash: md5
      md5: 721e704e37598884cf0fc5e4fd3eeda7
      size: 1448916
    - path: artifacts/model_trainer/silk_model.keras
      hash: md5
      md5: 68003beb532e0414be7b9c10fda4cac8
      size: 1448912
  evaluation:
    cmd: python src/smPredictor/pipeline/stage_04_evaluation.py
    deps:
    - path: artifacts/data_ingestion/international_stocks/raw_data/AAPL.csv
      hash: md5
      md5: 7c9def72815c6099924efbb6ffb6ffc4
      size: 362298
    - path: artifacts/data_ingestion/international_stocks/raw_data/AMZN.csv
      hash: md5
      md5: d0048c60f0eff2716ac4357975004b70
      size: 359573
    - path: artifacts/data_ingestion/international_stocks/raw_data/GOOG.csv
      hash: md5
      md5: 0eedc7f3ab3c0550e1e908be237bf6f3
      size: 363450
    - path: artifacts/data_ingestion/international_stocks/raw_data/MSFT.csv
      hash: md5
      md5: ec2a72a9fbfc6ab4c301db8d57a97e1d
      size: 357026
    - path: artifacts/data_ingestion/pakistan_stocks/raw_data/BOP.csv
      hash: md5
      md5: bb4b1825d1fdb31cf1df8b2cbffa48cc
      size: 136336
    - path: artifacts/data_ingestion/pakistan_stocks/raw_data/FFL.csv
      hash: md5
      md5: f5e58ed1c86e7fdf76cae6d0589e0127
      size: 90914
    - path: artifacts/data_ingestion/pakistan_stocks/raw_data/PACE.csv
      hash: md5
      md5: 92d075acc1e8ddb0d4b81b7a18f86fcc
      size: 130500
    - path: artifacts/data_ingestion/pakistan_stocks/raw_data/SILK.csv
      hash: md5
      md5: 011f96e5f0807eedd08e9bcb734507b3
      size: 131439
    - path: artifacts/data_ingestion/stocks_timestamp.txt
      hash: md5
      md5: 1d165b7c8dbf1f8f836b4717a154429d
      size: 10
    - path: artifacts/model_trainer/amazon_model.keras
      hash: md5
      md5: 2f5b6bcd881e80f1760c91f7ae78f57a
      size: 1448912
    - path: artifacts/model_trainer/apple_model.keras
      hash: md5
      md5: 223cdb2ded74d902dda9cf6ae283ce79
      size: 1448904
    - path: artifacts/model_trainer/fauji_model.keras
      hash: md5
      md5: 32650c3789b2503d8f0acbd800ead1e5
      size: 1448916
    - path: artifacts/model_trainer/google_model.keras
      hash: md5
      md5: a1635a95aa067cd0d5d6f4cde9d6f353
      size: 1448912
    - path: artifacts/model_trainer/microsoft_model.keras
      hash: md5
      md5: ac23f983019fee47cdffbef2d2a512ea
      size: 1448912
    - path: artifacts/model_trainer/pace_model.keras
      hash: md5
      md5: c4fccef0a86e6334b99e6777d9467b9e
      size: 1448916
    - path: artifacts/model_trainer/punjab_model.keras
      hash: md5
      md5: 721e704e37598884cf0fc5e4fd3eeda7
      size: 1448916
    - path: artifacts/model_trainer/silk_model.keras
      hash: md5
      md5: 68003beb532e0414be7b9c10fda4cac8
      size: 1448912
    - path: config/config.yaml
      hash: md5
      md5: f5b8d041b63e8fc2c54b3b1923eac568
      size: 3108
    - path: src/smPredictor/pipeline/stage_04_evaluation.py
      hash: md5
      md5: 0203ba6740ead2ecbb341f96090b2695
      size: 836
    outs:
    - path: artifacts/model_metrics/amazon_metrics.json
      hash: md5
      md5: c94c8d2c03b783c28beeb516a414f9b6
      size: 168
    - path: artifacts/model_metrics/apple_metrics.json
      hash: md5
      md5: abca0a66c3b51611b9ddaf0e54ac4db3
      size: 168
    - path: artifacts/model_metrics/fauji_metrics.json
      hash: md5
      md5: ee7b81bb84f63194d6de26de20e886d9
      size: 166
    - path: artifacts/model_metrics/google_metrics.json
      hash: md5
      md5: d8cc388194e5280c6ba033381214f223
      size: 166
    - path: artifacts/model_metrics/microsoft_metrics.json
      hash: md5
      md5: 00cdcca553460a12d9bc0691e53e9e3e
      size: 163
    - path: artifacts/model_metrics/pace_metrics.json
      hash: md5
      md5: e10538bbb2f97ce33b508e6c268e3c93
      size: 169
    - path: artifacts/model_metrics/punjab_metrics.json
      hash: md5
      md5: 8deabc4739cc2fd8696870c4b5b9ca6a
      size: 169
    - path: artifacts/model_metrics/silk_metrics.json
      hash: md5
      md5: 9e8e06c1496e0144edad8c18676fd06c
      size: 169
